// !$*UTF8*$!
{
	archiveVersion = 1;
	classes = {
	};
	objectVersion = 46;
	objects = {

/* Begin PBXBuildFile section */
		355AC15F48DC8CD2EC7C5695 /* Pods_RainShine.framework in Frameworks */ = {isa = PBXBuildFile; fileRef = 7B091C640947DBD9E0CD9E3E /* Pods_RainShine.framework */; };
		8B6A35CC1D67CDC60011FD00 /* AppDelegate.swift in Sources */ = {isa = PBXBuildFile; fileRef = 8B6A35CB1D67CDC60011FD00 /* AppDelegate.swift */; };
		8B6A35CE1D67CDC60011FD00 /* WeatherVC.swift in Sources */ = {isa = PBXBuildFile; fileRef = 8B6A35CD1D67CDC60011FD00 /* WeatherVC.swift */; };
		8B6A35D11D67CDC60011FD00 /* Main.storyboard in Resources */ = {isa = PBXBuildFile; fileRef = 8B6A35CF1D67CDC60011FD00 /* Main.storyboard */; };
		8B6A35D31D67CDC60011FD00 /* Assets.xcassets in Resources */ = {isa = PBXBuildFile; fileRef = 8B6A35D21D67CDC60011FD00 /* Assets.xcassets */; };
		8B6A35D61D67CDC60011FD00 /* LaunchScreen.storyboard in Resources */ = {isa = PBXBuildFile; fileRef = 8B6A35D41D67CDC60011FD00 /* LaunchScreen.storyboard */; };
		8BB573BF1D6CB69F005436EE /* Forecast.swift in Sources */ = {isa = PBXBuildFile; fileRef = 8BB573BE1D6CB69F005436EE /* Forecast.swift */; };
		8BE8AF4A1D6B39C400C942E8 /* Constants.swift in Sources */ = {isa = PBXBuildFile; fileRef = 8BE8AF491D6B39C400C942E8 /* Constants.swift */; };
		8BE8AF4C1D6B419500C942E8 /* CurrentWeather.swift in Sources */ = {isa = PBXBuildFile; fileRef = 8BE8AF4B1D6B419500C942E8 /* CurrentWeather.swift */; };
/* End PBXBuildFile section */

/* Begin PBXFileReference section */
		0A10B6D0AA44DD9A08971C78 /* Pods-RainShine.release.xcconfig */ = {isa = PBXFileReference; includeInIndex = 1; lastKnownFileType = text.xcconfig; name = "Pods-RainShine.release.xcconfig"; path = "Pods/Target Support Files/Pods-RainShine/Pods-RainShine.release.xcconfig"; sourceTree = "<group>"; };
		38AAD8CA5F0D092BC6B473CD /* Pods-RainShine.debug.xcconfig */ = {isa = PBXFileReference; includeInIndex = 1; lastKnownFileType = text.xcconfig; name = "Pods-RainShine.debug.xcconfig"; path = "Pods/Target Support Files/Pods-RainShine/Pods-RainShine.debug.xcconfig"; sourceTree = "<group>"; };
		7B091C640947DBD9E0CD9E3E /* Pods_RainShine.framework */ = {isa = PBXFileReference; explicitFileType = wrapper.framework; includeInIndex = 0; path = Pods_RainShine.framework; sourceTree = BUILT_PRODUCTS_DIR; };
		8B6A35C81D67CDC50011FD00 /* RainShine.app */ = {isa = PBXFileReference; explicitFileType = wrapper.application; includeInIndex = 0; path = RainShine.app; sourceTree = BUILT_PRODUCTS_DIR; };
		8B6A35CB1D67CDC60011FD00 /* AppDelegate.swift */ = {isa = PBXFileReference; lastKnownFileType = sourcecode.swift; path = AppDelegate.swift; sourceTree = "<group>"; };
		8B6A35CD1D67CDC60011FD00 /* WeatherVC.swift */ = {isa = PBXFileReference; lastKnownFileType = sourcecode.swift; path = WeatherVC.swift; sourceTree = "<group>"; };
		8B6A35D01D67CDC60011FD00 /* Base */ = {isa = PBXFileReference; lastKnownFileType = file.storyboard; name = Base; path = Base.lproj/Main.storyboard; sourceTree = "<group>"; };
		8B6A35D21D67CDC60011FD00 /* Assets.xcassets */ = {isa = PBXFileReference; lastKnownFileType = folder.assetcatalog; path = Assets.xcassets; sourceTree = "<group>"; };
		8B6A35D51D67CDC60011FD00 /* Base */ = {isa = PBXFileReference; lastKnownFileType = file.storyboard; name = Base; path = Base.lproj/LaunchScreen.storyboard; sourceTree = "<group>"; };
		8B6A35D71D67CDC60011FD00 /* Info.plist */ = {isa = PBXFileReference; lastKnownFileType = text.plist.xml; path = Info.plist; sourceTree = "<group>"; };
		8BB573BE1D6CB69F005436EE /* Forecast.swift */ = {isa = PBXFileReference; fileEncoding = 4; lastKnownFileType = sourcecode.swift; path = Forecast.swift; sourceTree = "<group>"; };
		8BE8AF491D6B39C400C942E8 /* Constants.swift */ = {isa = PBXFileReference; fileEncoding = 4; lastKnownFileType = sourcecode.swift; path = Constants.swift; sourceTree = "<group>"; };
		8BE8AF4B1D6B419500C942E8 /* CurrentWeather.swift */ = {isa = PBXFileReference; fileEncoding = 4; lastKnownFileType = sourcecode.swift; path = CurrentWeather.swift; sourceTree = "<group>"; };
/* End PBXFileReference section */

/* Begin PBXFrameworksBuildPhase section */
		8B6A35C51D67CDC50011FD00 /* Frameworks */ = {
			isa = PBXFrameworksBuildPhase;
			buildActionMask = 2147483647;
			files = (
				355AC15F48DC8CD2EC7C5695 /* Pods_RainShine.framework in Frameworks */,
			);
			runOnlyForDeploymentPostprocessing = 0;
		};
/* End PBXFrameworksBuildPhase section */

/* Begin PBXGroup section */
		162AFACF48CAB106057E6C5C /* Frameworks */ = {
			isa = PBXGroup;
			children = (
				7B091C640947DBD9E0CD9E3E /* Pods_RainShine.framework */,
			);
			name = Frameworks;
			sourceTree = "<group>";
		};
		6B7A6187C393C59122241046 /* Pods */ = {
			isa = PBXGroup;
			children = (
				38AAD8CA5F0D092BC6B473CD /* Pods-RainShine.debug.xcconfig */,
				0A10B6D0AA44DD9A08971C78 /* Pods-RainShine.release.xcconfig */,
			);
			name = Pods;
			sourceTree = "<group>";
		};
		8B6A35BF1D67CDC50011FD00 = {
			isa = PBXGroup;
			children = (
				8B6A35CA1D67CDC50011FD00 /* RainShine */,
				8B6A35C91D67CDC50011FD00 /* Products */,
				6B7A6187C393C59122241046 /* Pods */,
				162AFACF48CAB106057E6C5C /* Frameworks */,
			);
			sourceTree = "<group>";
		};
		8B6A35C91D67CDC50011FD00 /* Products */ = {
			isa = PBXGroup;
			children = (
				8B6A35C81D67CDC50011FD00 /* RainShine.app */,
			);
			name = Products;
			sourceTree = "<group>";
		};
		8B6A35CA1D67CDC50011FD00 /* RainShine */ = {
			isa = PBXGroup;
			children = (
				8B6A35CB1D67CDC60011FD00 /* AppDelegate.swift */,
				8B6A35CD1D67CDC60011FD00 /* WeatherVC.swift */,
				8B6A35CF1D67CDC60011FD00 /* Main.storyboard */,
				8B6A35D21D67CDC60011FD00 /* Assets.xcassets */,
				8B6A35D41D67CDC60011FD00 /* LaunchScreen.storyboard */,
				8B6A35D71D67CDC60011FD00 /* Info.plist */,
				8BE8AF491D6B39C400C942E8 /* Constants.swift */,
				8BE8AF4B1D6B419500C942E8 /* CurrentWeather.swift */,
				8BB573BE1D6CB69F005436EE /* Forecast.swift */,
			);
			path = RainShine;
			sourceTree = "<group>";
		};
/* End PBXGroup section */

/* Begin PBXNativeTarget section */
		8B6A35C71D67CDC50011FD00 /* RainShine */ = {
			isa = PBXNativeTarget;
			buildConfigurationList = 8B6A35DA1D67CDC60011FD00 /* Build configuration list for PBXNativeTarget "RainShine" */;
			buildPhases = (
				701AB57643540918E2D76CF0 /* [CP] Check Pods Manifest.lock */,
				8B6A35C41D67CDC50011FD00 /* Sources */,
				8B6A35C51D67CDC50011FD00 /* Frameworks */,
				8B6A35C61D67CDC50011FD00 /* Resources */,
				7CB3909B278B60DC50E6A060 /* [CP] Embed Pods Frameworks */,
				D809932B9854652B9F68902A /* [CP] Copy Pods Resources */,
			);
			buildRules = (
			);
			dependencies = (
			);
			name = RainShine;
			productName = RainShine;
			productReference = 8B6A35C81D67CDC50011FD00 /* RainShine.app */;
			productType = "com.apple.product-type.application";
		};
/* End PBXNativeTarget section */

/* Begin PBXProject section */
		8B6A35C01D67CDC50011FD00 /* Project object */ = {
			isa = PBXProject;
			attributes = {
				LastSwiftUpdateCheck = 0800;
				LastUpgradeCheck = 0800;
				ORGANIZATIONNAME = "Eric Wilson";
				TargetAttributes = {
					8B6A35C71D67CDC50011FD00 = {
						CreatedOnToolsVersion = 8.0;
						ProvisioningStyle = Automatic;
					};
				};
			};
			buildConfigurationList = 8B6A35C31D67CDC50011FD00 /* Build configuration list for PBXProject "RainShine" */;
			compatibilityVersion = "Xcode 3.2";
			developmentRegion = English;
			hasScannedForEncodings = 0;
			knownRegions = (
				en,
				Base,
			);
			mainGroup = 8B6A35BF1D67CDC50011FD00;
			productRefGroup = 8B6A35C91D67CDC50011FD00 /* Products */;
			projectDirPath = "";
			projectRoot = "";
			targets = (
				8B6A35C71D67CDC50011FD00 /* RainShine */,
			);
		};
/* End PBXProject section */

/* Begin PBXResourcesBuildPhase section */
		8B6A35C61D67CDC50011FD00 /* Resources */ = {
			isa = PBXResourcesBuildPhase;
			buildActionMask = 2147483647;
			files = (
				8B6A35D61D67CDC60011FD00 /* LaunchScreen.storyboard in Resources */,
				8B6A35D31D67CDC60011FD00 /* Assets.xcassets in Resources */,
				8B6A35D11D67CDC60011FD00 /* Main.storyboard in Resources */,
			);
			runOnlyForDeploymentPostprocessing = 0;
		};
/* End PBXResourcesBuildPhase section */

/* Begin PBXShellScriptBuildPhase section */
		701AB57643540918E2D76CF0 /* [CP] Check Pods Manifest.lock */ = {
			isa = PBXShellScriptBuildPhase;
			buildActionMask = 2147483647;
			files = (
			);
			inputPaths = (
			);
			name = "[CP] Check Pods Manifest.lock";
			outputPaths = (
			);
			runOnlyForDeploymentPostprocessing = 0;
			shellPath = /bin/sh;
			shellScript = "diff \"${PODS_ROOT}/../Podfile.lock\" \"${PODS_ROOT}/Manifest.lock\" > /dev/null\nif [ $? != 0 ] ; then\n    # print error to STDERR\n    echo \"error: The sandbox is not in sync with the Podfile.lock. Run 'pod install' or update your CocoaPods installation.\" >&2\n    exit 1\nfi\n";
			showEnvVarsInLog = 0;
		};
		7CB3909B278B60DC50E6A060 /* [CP] Embed Pods Frameworks */ = {
			isa = PBXShellScriptBuildPhase;
			buildActionMask = 2147483647;
			files = (
			);
			inputPaths = (
			);
			name = "[CP] Embed Pods Frameworks";
			outputPaths = (
			);
			runOnlyForDeploymentPostprocessing = 0;
			shellPath = /bin/sh;
			shellScript = "\"${SRCROOT}/Pods/Target Support Files/Pods-RainShine/Pods-RainShine-frameworks.sh\"\n";
			showEnvVarsInLog = 0;
		};
		D809932B9854652B9F68902A /* [CP] Copy Pods Resources */ = {
			isa = PBXShellScriptBuildPhase;
			buildActionMask = 2147483647;
			files = (
			);
			inputPaths = (
			);
			name = "[CP] Copy Pods Resources";
			outputPaths = (
			);
			runOnlyForDeploymentPostprocessing = 0;
			shellPath = /bin/sh;
			shellScript = "\"${SRCROOT}/Pods/Target Support Files/Pods-RainShine/Pods-RainShine-resources.sh\"\n";
			showEnvVarsInLog = 0;
		};
/* End PBXShellScriptBuildPhase section */

/* Begin PBXSourcesBuildPhase section */
		8B6A35C41D67CDC50011FD00 /* Sources */ = {
			isa = PBXSourcesBuildPhase;
			buildActionMask = 2147483647;
			files = (
				8B6A35CE1D67CDC60011FD00 /* WeatherVC.swift in Sources */,
				8BB573BF1D6CB69F005436EE /* Forecast.swift in Sources */,
				8B6A35CC1D67CDC60011FD00 /* AppDelegate.swift in Sources */,
				8BE8AF4C1D6B419500C942E8 /* CurrentWeather.swift in Sources */,
				8BE8AF4A1D6B39C400C942E8 /* Constants.swift in Sources */,
			);
			runOnlyForDeploymentPostprocessing = 0;
		};
/* End PBXSourcesBuildPhase section */

/* Begin PBXVariantGroup section */
		8B6A35CF1D67CDC60011FD00 /* Main.storyboard */ = {
			isa = PBXVariantGroup;
			children = (
				8B6A35D01D67CDC60011FD00 /* Base */,
			);
			name = Main.storyboard;
			sourceTree = "<group>";
		};
		8B6A35D41D67CDC60011FD00 /* LaunchScreen.storyboard */ = {
			isa = PBXVariantGroup;
			children = (
				8B6A35D51D67CDC60011FD00 /* Base */,
			);
			name = LaunchScreen.storyboard;
			sourceTree = "<group>";
		};
/* End PBXVariantGroup section */

/* Begin XCBuildConfiguration section */
		8B6A35D81D67CDC60011FD00 /* Debug */ = {
			isa = XCBuildConfiguration;
			buildSettings = {
				ALWAYS_SEARCH_USER_PATHS = NO;
				CLANG_ANALYZER_NONNULL = YES;
				CLANG_CXX_LANGUAGE_STANDARD = "gnu++0x";
				CLANG_CXX_LIBRARY = "libc++";
				CLANG_ENABLE_MODULES = YES;
				CLANG_ENABLE_OBJC_ARC = YES;
				CLANG_WARN_BOOL_CONVERSION = YES;
				CLANG_WARN_CONSTANT_CONVERSION = YES;
				CLANG_WARN_DIRECT_OBJC_ISA_USAGE = YES_ERROR;
				CLANG_WARN_DOCUMENTATION_COMMENTS = YES;
				CLANG_WARN_EMPTY_BODY = YES;
				CLANG_WARN_ENUM_CONVERSION = YES;
				CLANG_WARN_INFINITE_RECURSION = YES;
				CLANG_WARN_INT_CONVERSION = YES;
				CLANG_WARN_OBJC_ROOT_CLASS = YES_ERROR;
				CLANG_WARN_SUSPICIOUS_MOVES = YES;
				CLANG_WARN_UNREACHABLE_CODE = YES;
				CLANG_WARN__DUPLICATE_METHOD_MATCH = YES;
				"CODE_SIGN_IDENTITY[sdk=iphoneos*]" = "iPhone Developer";
				COPY_PHASE_STRIP = NO;
				DEBUG_INFORMATION_FORMAT = dwarf;
				ENABLE_STRICT_OBJC_MSGSEND = YES;
				ENABLE_TESTABILITY = YES;
				GCC_C_LANGUAGE_STANDARD = gnu99;
				GCC_DYNAMIC_NO_PIC = NO;
				GCC_NO_COMMON_BLOCKS = YES;
				GCC_OPTIMIZATION_LEVEL = 0;
				GCC_PREPROCESSOR_DEFINITIONS = (
					"DEBUG=1",
					"$(inherited)",
				);
				GCC_WARN_64_TO_32_BIT_CONVERSION = YES;
				GCC_WARN_ABOUT_RETURN_TYPE = YES_ERROR;
				GCC_WARN_UNDECLARED_SELECTOR = YES;
				GCC_WARN_UNINITIALIZED_AUTOS = YES_AGGRESSIVE;
				GCC_WARN_UNUSED_FUNCTION = YES;
				GCC_WARN_UNUSED_VARIABLE = YES;
				IPHONEOS_DEPLOYMENT_TARGET = 10.0;
				MTL_ENABLE_DEBUG_INFO = YES;
				ONLY_ACTIVE_ARCH = YES;
				SDKROOT = iphoneos;
				SWIFT_ACTIVE_COMPILATION_CONDITIONS = DEBUG;
				SWIFT_OPTIMIZATION_LEVEL = "-Onone";
			};
			name = Debug;
		};
		8B6A35D91D67CDC60011FD00 /* Release */ = {
			isa = XCBuildConfiguration;
			buildSettings = {
				ALWAYS_SEARCH_USER_PATHS = NO;
				CLANG_ANALYZER_NONNULL = YES;
				CLANG_CXX_LANGUAGE_STANDARD = "gnu++0x";
				CLANG_CXX_LIBRARY = "libc++";
				CLANG_ENABLE_MODULES = YES;
				CLANG_ENABLE_OBJC_ARC = YES;
				CLANG_WARN_BOOL_CONVERSION = YES;
				CLANG_WARN_CONSTANT_CONVERSION = YES;
				CLANG_WARN_DIRECT_OBJC_ISA_USAGE = YES_ERROR;
				CLANG_WARN_DOCUMENTATION_COMMENTS = YES;
				CLANG_WARN_EMPTY_BODY = YES;
				CLANG_WARN_ENUM_CONVERSION = YES;
				CLANG_WARN_INFINITE_RECURSION = YES;
				CLANG_WARN_INT_CONVERSION = YES;
				CLANG_WARN_OBJC_ROOT_CLASS = YES_ERROR;
				CLANG_WARN_SUSPICIOUS_MOVES = YES;
				CLANG_WARN_UNREACHABLE_CODE = YES;
				CLANG_WARN__DUPLICATE_METHOD_MATCH = YES;
				"CODE_SIGN_IDENTITY[sdk=iphoneos*]" = "iPhone Developer";
				COPY_PHASE_STRIP = NO;
				DEBUG_INFORMATION_FORMAT = "dwarf-with-dsym";
				ENABLE_NS_ASSERTIONS = NO;
				ENABLE_STRICT_OBJC_MSGSEND = YES;
				GCC_C_LANGUAGE_STANDARD = gnu99;
				GCC_NO_COMMON_BLOCKS = YES;
				GCC_WARN_64_TO_32_BIT_CONVERSION = YES;
				GCC_WARN_ABOUT_RETURN_TYPE = YES_ERROR;
				GCC_WARN_UNDECLARED_SELECTOR = YES;
				GCC_WARN_UNINITIALIZED_AUTOS = YES_AGGRESSIVE;
				GCC_WARN_UNUSED_FUNCTION = YES;
				GCC_WARN_UNUSED_VARIABLE = YES;
				IPHONEOS_DEPLOYMENT_TARGET = 10.0;
				MTL_ENABLE_DEBUG_INFO = NO;
				SDKROOT = iphoneos;
				SWIFT_OPTIMIZATION_LEVEL = "-Owholemodule";
				VALIDATE_PRODUCT = YES;
			};
			name = Release;
		};
		8B6A35DB1D67CDC60011FD00 /* Debug */ = {
			isa = XCBuildConfiguration;
			baseConfigurationReference = 38AAD8CA5F0D092BC6B473CD /* Pods-RainShine.debug.xcconfig */;
			buildSettings = {
				ASSETCATALOG_COMPILER_APPICON_NAME = AppIcon;
				INFOPLIST_FILE = RainShine/Info.plist;
				LD_RUNPATH_SEARCH_PATHS = "$(inherited) @executable_path/Frameworks";
				PRODUCT_BUNDLE_IDENTIFIER = Com.WilsonTech.RainShine;
				PRODUCT_NAME = "$(TARGET_NAME)";
				SWIFT_VERSION = 3.0;
			};
			name = Debug;
		};
		8B6A35DC1D67CDC60011FD00 /* Release */ = {
			isa = XCBuildConfiguration;
			baseConfigurationReference = 0A10B6D0AA44DD9A08971C78 /* Pods-RainShine.release.xcconfig */;
			buildSettings = {
				ASSETCATALOG_COMPILER_APPICON_NAME = AppIcon;
				INFOPLIST_FILE = RainShine/Info.plist;
				LD_RUNPATH_SEARCH_PATHS = "$(inherited) @executable_path/Frameworks";
				PRODUCT_BUNDLE_IDENTIFIER = Com.WilsonTech.RainShine;
				PRODUCT_NAME = "$(TARGET_NAME)";
				SWIFT_VERSION = 3.0;
			};
			name = Release;
		};
/* End XCBuildConfiguration section */

/* Begin XCConfigurationList section */
		8B6A35C31D67CDC50011FD00 /* Build configuration list for PBXProject "RainShine" */ = {
			isa = XCConfigurationList;
			buildConfigurations = (
				8B6A35D81D67CDC60011FD00 /* Debug */,
				8B6A35D91D67CDC60011FD00 /* Release */,
			);
			defaultConfigurationIsVisible = 0;
			defaultConfigurationName = Release;
		};
		8B6A35DA1D67CDC60011FD00 /* Build configuration list for PBXNativeTarget "RainShine" */ = {
			isa = XCConfigurationList;
			buildConfigurations = (
				8B6A35DB1D67CDC60011FD00 /* Debug */,
				8B6A35DC1D67CDC60011FD00 /* Release */,
			);
			defaultConfigurationIsVisible = 0;
			defaultConfigurationName = Release;
		};
/* End XCConfigurationList section */
	};
	rootObject = 8B6A35C01D67CDC50011FD00 /* Project object */;
}
