PODS:
  - Alamofire (4.0.0-beta.1)

DEPENDENCIES:
  - Alamofire (from `https://github.com/Alamofire/Alamofire.git`, commit `6775cb13f7329f1184e5737ca226958eaabce271`, branch `swift3`)

EXTERNAL SOURCES:
  Alamofire:
    :branch: swift3
    :commit: 6775cb13f7329f1184e5737ca226958eaabce271
    :git: https://github.com/Alamofire/Alamofire.git

CHECKOUT OPTIONS:
  Alamofire:
    :commit: 3cc5b4e8453bec9fd6b973d60e6b0605a38e4cf4
    :git: https://github.com/Alamofire/Alamofire.git

SPEC CHECKSUMS:
  Alamofire: 698bf56c9e48d3248168e4a3a90588ac2e23836a

PODFILE CHECKSUM: 0aeaea98789ca855d73de89b402c8505eb65a5a5

COCOAPODS: 1.1.0.beta.1
